
Microsoft Visual Studio Solution File, Format Version 11.00
# Visual Studio 2010
Project("{FAE04EC0-301F-11D3-BF4B-00C04F79EFBC}") = "NexusDotNet.Web", "NexusDotNet.Web\NexusDotNet.Web.csproj", "{ADDB8D6B-0351-4D40-BD62-12E1DF9AEADD}"
EndProject
Global
	GlobalSection(SolutionConfigurationPlatforms) = preSolution
		Debug|Any CPU = Debug|Any CPU
		Release|Any CPU = Release|Any CPU
	EndGlobalSection
	GlobalSection(ProjectConfigurationPlatforms) = postSolution
		{ADDB8D6B-0351-4D40-BD62-12E1DF9AEADD}.Debug|Any CPU.ActiveCfg = Debug|Any CPU
		{ADDB8D6B-0351-4D40-BD62-12E1DF9AEADD}.Debug|Any CPU.Build.0 = Debug|Any CPU
		{ADDB8D6B-0351-4D40-BD62-12E1DF9AEADD}.Release|Any CPU.ActiveCfg = Release|Any CPU
		{ADDB8D6B-0351-4D40-BD62-12E1DF9AEADD}.Release|Any CPU.Build.0 = Release|Any CPU
	EndGlobalSection
	GlobalSection(SolutionProperties) = preSolution
		HideSolutionNode = FALSE
	EndGlobalSection
EndGlobal
